
Microsoft Visual Studio Solution File, Format Version 12.00
# Visual Studio 15
VisualStudioVersion = 15.0.28010.2026
MinimumVisualStudioVersion = 10.0.40219.1
Project("{FAE04EC0-301F-11D3-BF4B-00C04F79EFBC}") = "Presidenciaveis.Android", "Presidenciaveis\Presidenciaveis.Android\Presidenciaveis.Android.csproj", "{39F0264E-C8C4-45D4-91E3-53118D606932}"
EndProject
Project("{FAE04EC0-301F-11D3-BF4B-00C04F79EFBC}") = "Presidenciaveis.iOS", "Presidenciaveis\Presidenciaveis.iOS\Presidenciaveis.iOS.csproj", "{83C9DBF6-B1B1-4F9F-88A4-E2039F482B81}"
EndProject
Project("{FAE04EC0-301F-11D3-BF4B-00C04F79EFBC}") = "Presidenciaveis", "Presidenciaveis\Presidenciaveis\Presidenciaveis.csproj", "{AE5F1987-7B2C-493B-8C83-54BF2C19B90A}"
EndProject
Project("{FAE04EC0-301F-11D3-BF4B-00C04F79EFBC}") = "Presidenciaveis.Domain", "Presidenciaveis.Domain\Presidenciaveis.Domain.csproj", "{EE3C3637-EEC7-46B7-95EC-63570B3019D7}"
EndProject
Project("{FAE04EC0-301F-11D3-BF4B-00C04F79EFBC}") = "Presidenciaveis.Infra.Data", "Presidenciaveis.Infra.Data\Presidenciaveis.Infra.Data.csproj", "{9D58B842-91F2-4BBA-B03C-4F4299680752}"
EndProject
Global
	GlobalSection(SolutionConfigurationPlatforms) = preSolution
		Ad-Hoc|Any CPU = Ad-Hoc|Any CPU
		Ad-Hoc|iPhone = Ad-Hoc|iPhone
		Ad-Hoc|iPhoneSimulator = Ad-Hoc|iPhoneSimulator
		AppStore|Any CPU = AppStore|Any CPU
		AppStore|iPhone = AppStore|iPhone
		AppStore|iPhoneSimulator = AppStore|iPhoneSimulator
		Debug|Any CPU = Debug|Any CPU
		Debug|iPhone = Debug|iPhone
		Debug|iPhoneSimulator = Debug|iPhoneSimulator
		Release|Any CPU = Release|Any CPU
		Release|iPhone = Release|iPhone
		Release|iPhoneSimulator = Release|iPhoneSimulator
	EndGlobalSection
	GlobalSection(ProjectConfigurationPlatforms) = postSolution
		{39F0264E-C8C4-45D4-91E3-53118D606932}.Ad-Hoc|Any CPU.ActiveCfg = Release|Any CPU
		{39F0264E-C8C4-45D4-91E3-53118D606932}.Ad-Hoc|Any CPU.Build.0 = Release|Any CPU
		{39F0264E-C8C4-45D4-91E3-53118D606932}.Ad-Hoc|Any CPU.Deploy.0 = Release|Any CPU
		{39F0264E-C8C4-45D4-91E3-53118D606932}.Ad-Hoc|iPhone.ActiveCfg = Release|Any CPU
		{39F0264E-C8C4-45D4-91E3-53118D606932}.Ad-Hoc|iPhone.Build.0 = Release|Any CPU
		{39F0264E-C8C4-45D4-91E3-53118D606932}.Ad-Hoc|iPhone.Deploy.0 = Release|Any CPU
		{39F0264E-C8C4-45D4-91E3-53118D606932}.Ad-Hoc|iPhoneSimulator.ActiveCfg = Release|Any CPU
		{39F0264E-C8C4-45D4-91E3-53118D606932}.Ad-Hoc|iPhoneSimulator.Build.0 = Release|Any CPU
		{39F0264E-C8C4-45D4-91E3-53118D606932}.Ad-Hoc|iPhoneSimulator.Deploy.0 = Release|Any CPU
		{39F0264E-C8C4-45D4-91E3-53118D606932}.AppStore|Any CPU.ActiveCfg = Release|Any CPU
		{39F0264E-C8C4-45D4-91E3-53118D606932}.AppStore|Any CPU.Build.0 = Release|Any CPU
		{39F0264E-C8C4-45D4-91E3-53118D606932}.AppStore|Any CPU.Deploy.0 = Release|Any CPU
		{39F0264E-C8C4-45D4-91E3-53118D606932}.AppStore|iPhone.ActiveCfg = Release|Any CPU
		{39F0264E-C8C4-45D4-91E3-53118D606932}.AppStore|iPhone.Build.0 = Release|Any CPU
		{39F0264E-C8C4-45D4-91E3-53118D606932}.AppStore|iPhone.Deploy.0 = Release|Any CPU
		{39F0264E-C8C4-45D4-91E3-53118D606932}.AppStore|iPhoneSimulator.ActiveCfg = Release|Any CPU
		{39F0264E-C8C4-45D4-91E3-53118D606932}.AppStore|iPhoneSimulator.Build.0 = Release|Any CPU
		{39F0264E-C8C4-45D4-91E3-53118D606932}.AppStore|iPhoneSimulator.Deploy.0 = Release|Any CPU
		{39F0264E-C8C4-45D4-91E3-53118D606932}.Debug|Any CPU.ActiveCfg = Debug|Any CPU
		{39F0264E-C8C4-45D4-91E3-53118D606932}.Debug|Any CPU.Build.0 = Debug|Any CPU
		{39F0264E-C8C4-45D4-91E3-53118D606932}.Debug|Any CPU.Deploy.0 = Debug|Any CPU
		{39F0264E-C8C4-45D4-91E3-53118D606932}.Debug|iPhone.ActiveCfg = Debug|Any CPU
		{39F0264E-C8C4-45D4-91E3-53118D606932}.Debug|iPhone.Build.0 = Debug|Any CPU
		{39F0264E-C8C4-45D4-91E3-53118D606932}.Debug|iPhone.Deploy.0 = Debug|Any CPU
		{39F0264E-C8C4-45D4-91E3-53118D606932}.Debug|iPhoneSimulator.ActiveCfg = Debug|Any CPU
		{39F0264E-C8C4-45D4-91E3-53118D606932}.Debug|iPhoneSimulator.Build.0 = Debug|Any CPU
		{39F0264E-C8C4-45D4-91E3-53118D606932}.Debug|iPhoneSimulator.Deploy.0 = Debug|Any CPU
		{39F0264E-C8C4-45D4-91E3-53118D606932}.Release|Any CPU.ActiveCfg = Release|Any CPU
		{39F0264E-C8C4-45D4-91E3-53118D606932}.Release|Any CPU.Build.0 = Release|Any CPU
		{39F0264E-C8C4-45D4-91E3-53118D606932}.Release|Any CPU.Deploy.0 = Release|Any CPU
		{39F0264E-C8C4-45D4-91E3-53118D606932}.Release|iPhone.ActiveCfg = Release|Any CPU
		{39F0264E-C8C4-45D4-91E3-53118D606932}.Release|iPhone.Build.0 = Release|Any CPU
		{39F0264E-C8C4-45D4-91E3-53118D606932}.Release|iPhone.Deploy.0 = Release|Any CPU
		{39F0264E-C8C4-45D4-91E3-53118D606932}.Release|iPhoneSimulator.ActiveCfg = Release|Any CPU
		{39F0264E-C8C4-45D4-91E3-53118D606932}.Release|iPhoneSimulator.Build.0 = Release|Any CPU
		{39F0264E-C8C4-45D4-91E3-53118D606932}.Release|iPhoneSimulator.Deploy.0 = Release|Any CPU
		{83C9DBF6-B1B1-4F9F-88A4-E2039F482B81}.Ad-Hoc|Any CPU.ActiveCfg = Ad-Hoc|iPhone
		{83C9DBF6-B1B1-4F9F-88A4-E2039F482B81}.Ad-Hoc|Any CPU.Build.0 = Ad-Hoc|iPhone
		{83C9DBF6-B1B1-4F9F-88A4-E2039F482B81}.Ad-Hoc|Any CPU.Deploy.0 = Ad-Hoc|iPhone
		{83C9DBF6-B1B1-4F9F-88A4-E2039F482B81}.Ad-Hoc|iPhone.ActiveCfg = Ad-Hoc|iPhone
		{83C9DBF6-B1B1-4F9F-88A4-E2039F482B81}.Ad-Hoc|iPhone.Build.0 = Ad-Hoc|iPhone
		{83C9DBF6-B1B1-4F9F-88A4-E2039F482B81}.Ad-Hoc|iPhone.Deploy.0 = Ad-Hoc|iPhone
		{83C9DBF6-B1B1-4F9F-88A4-E2039F482B81}.Ad-Hoc|iPhoneSimulator.ActiveCfg = Ad-Hoc|iPhoneSimulator
		{83C9DBF6-B1B1-4F9F-88A4-E2039F482B81}.Ad-Hoc|iPhoneSimulator.Build.0 = Ad-Hoc|iPhoneSimulator
		{83C9DBF6-B1B1-4F9F-88A4-E2039F482B81}.Ad-Hoc|iPhoneSimulator.Deploy.0 = Ad-Hoc|iPhoneSimulator
		{83C9DBF6-B1B1-4F9F-88A4-E2039F482B81}.AppStore|Any CPU.ActiveCfg = AppStore|iPhone
		{83C9DBF6-B1B1-4F9F-88A4-E2039F482B81}.AppStore|Any CPU.Build.0 = AppStore|iPhone
		{83C9DBF6-B1B1-4F9F-88A4-E2039F482B81}.AppStore|Any CPU.Deploy.0 = AppStore|iPhone
		{83C9DBF6-B1B1-4F9F-88A4-E2039F482B81}.AppStore|iPhone.ActiveCfg = AppStore|iPhone
		{83C9DBF6-B1B1-4F9F-88A4-E2039F482B81}.AppStore|iPhone.Build.0 = AppStore|iPhone
		{83C9DBF6-B1B1-4F9F-88A4-E2039F482B81}.AppStore|iPhone.Deploy.0 = AppStore|iPhone
		{83C9DBF6-B1B1-4F9F-88A4-E2039F482B81}.AppStore|iPhoneSimulator.ActiveCfg = AppStore|iPhoneSimulator
		{83C9DBF6-B1B1-4F9F-88A4-E2039F482B81}.AppStore|iPhoneSimulator.Build.0 = AppStore|iPhoneSimulator
		{83C9DBF6-B1B1-4F9F-88A4-E2039F482B81}.AppStore|iPhoneSimulator.Deploy.0 = AppStore|iPhoneSimulator
		{83C9DBF6-B1B1-4F9F-88A4-E2039F482B81}.Debug|Any CPU.ActiveCfg = Debug|iPhoneSimulator
		{83C9DBF6-B1B1-4F9F-88A4-E2039F482B81}.Debug|Any CPU.Build.0 = Debug|iPhoneSimulator
		{83C9DBF6-B1B1-4F9F-88A4-E2039F482B81}.Debug|Any CPU.Deploy.0 = Debug|iPhoneSimulator
		{83C9DBF6-B1B1-4F9F-88A4-E2039F482B81}.Debug|iPhone.ActiveCfg = Debug|iPhone
		{83C9DBF6-B1B1-4F9F-88A4-E2039F482B81}.Debug|iPhone.Build.0 = Debug|iPhone
		{83C9DBF6-B1B1-4F9F-88A4-E2039F482B81}.Debug|iPhone.Deploy.0 = Debug|iPhone
		{83C9DBF6-B1B1-4F9F-88A4-E2039F482B81}.Debug|iPhoneSimulator.ActiveCfg = Debug|iPhoneSimulator
		{83C9DBF6-B1B1-4F9F-88A4-E2039F482B81}.Debug|iPhoneSimulator.Build.0 = Debug|iPhoneSimulator
		{83C9DBF6-B1B1-4F9F-88A4-E2039F482B81}.Debug|iPhoneSimulator.Deploy.0 = Debug|iPhoneSimulator
		{83C9DBF6-B1B1-4F9F-88A4-E2039F482B81}.Release|Any CPU.ActiveCfg = Release|iPhone
		{83C9DBF6-B1B1-4F9F-88A4-E2039F482B81}.Release|Any CPU.Build.0 = Release|iPhone
		{83C9DBF6-B1B1-4F9F-88A4-E2039F482B81}.Release|Any CPU.Deploy.0 = Release|iPhone
		{83C9DBF6-B1B1-4F9F-88A4-E2039F482B81}.Release|iPhone.ActiveCfg = Release|iPhone
		{83C9DBF6-B1B1-4F9F-88A4-E2039F482B81}.Release|iPhone.Build.0 = Release|iPhone
		{83C9DBF6-B1B1-4F9F-88A4-E2039F482B81}.Release|iPhone.Deploy.0 = Release|iPhone
		{83C9DBF6-B1B1-4F9F-88A4-E2039F482B81}.Release|iPhoneSimulator.ActiveCfg = Release|iPhoneSimulator
		{83C9DBF6-B1B1-4F9F-88A4-E2039F482B81}.Release|iPhoneSimulator.Build.0 = Release|iPhoneSimulator
		{83C9DBF6-B1B1-4F9F-88A4-E2039F482B81}.Release|iPhoneSimulator.Deploy.0 = Release|iPhoneSimulator
		{AE5F1987-7B2C-493B-8C83-54BF2C19B90A}.Ad-Hoc|Any CPU.ActiveCfg = Debug|Any CPU
		{AE5F1987-7B2C-493B-8C83-54BF2C19B90A}.Ad-Hoc|Any CPU.Build.0 = Debug|Any CPU
		{AE5F1987-7B2C-493B-8C83-54BF2C19B90A}.Ad-Hoc|Any CPU.Deploy.0 = Debug|Any CPU
		{AE5F1987-7B2C-493B-8C83-54BF2C19B90A}.Ad-Hoc|iPhone.ActiveCfg = Debug|Any CPU
		{AE5F1987-7B2C-493B-8C83-54BF2C19B90A}.Ad-Hoc|iPhone.Build.0 = Debug|Any CPU
		{AE5F1987-7B2C-493B-8C83-54BF2C19B90A}.Ad-Hoc|iPhone.Deploy.0 = Debug|Any CPU
		{AE5F1987-7B2C-493B-8C83-54BF2C19B90A}.Ad-Hoc|iPhoneSimulator.ActiveCfg = Debug|Any CPU
		{AE5F1987-7B2C-493B-8C83-54BF2C19B90A}.Ad-Hoc|iPhoneSimulator.Build.0 = Debug|Any CPU
		{AE5F1987-7B2C-493B-8C83-54BF2C19B90A}.Ad-Hoc|iPhoneSimulator.Deploy.0 = Debug|Any CPU
		{AE5F1987-7B2C-493B-8C83-54BF2C19B90A}.AppStore|Any CPU.ActiveCfg = Debug|Any CPU
		{AE5F1987-7B2C-493B-8C83-54BF2C19B90A}.AppStore|Any CPU.Build.0 = Debug|Any CPU
		{AE5F1987-7B2C-493B-8C83-54BF2C19B90A}.AppStore|Any CPU.Deploy.0 = Debug|Any CPU
		{AE5F1987-7B2C-493B-8C83-54BF2C19B90A}.AppStore|iPhone.ActiveCfg = Debug|Any CPU
		{AE5F1987-7B2C-493B-8C83-54BF2C19B90A}.AppStore|iPhone.Build.0 = Debug|Any CPU
		{AE5F1987-7B2C-493B-8C83-54BF2C19B90A}.AppStore|iPhone.Deploy.0 = Debug|Any CPU
		{AE5F1987-7B2C-493B-8C83-54BF2C19B90A}.AppStore|iPhoneSimulator.ActiveCfg = Debug|Any CPU
		{AE5F1987-7B2C-493B-8C83-54BF2C19B90A}.AppStore|iPhoneSimulator.Build.0 = Debug|Any CPU
		{AE5F1987-7B2C-493B-8C83-54BF2C19B90A}.AppStore|iPhoneSimulator.Deploy.0 = Debug|Any CPU
		{AE5F1987-7B2C-493B-8C83-54BF2C19B90A}.Debug|Any CPU.ActiveCfg = Debug|Any CPU
		{AE5F1987-7B2C-493B-8C83-54BF2C19B90A}.Debug|Any CPU.Build.0 = Debug|Any CPU
		{AE5F1987-7B2C-493B-8C83-54BF2C19B90A}.Debug|Any CPU.Deploy.0 = Debug|Any CPU
		{AE5F1987-7B2C-493B-8C83-54BF2C19B90A}.Debug|iPhone.ActiveCfg = Debug|Any CPU
		{AE5F1987-7B2C-493B-8C83-54BF2C19B90A}.Debug|iPhone.Build.0 = Debug|Any CPU
		{AE5F1987-7B2C-493B-8C83-54BF2C19B90A}.Debug|iPhone.Deploy.0 = Debug|Any CPU
		{AE5F1987-7B2C-493B-8C83-54BF2C19B90A}.Debug|iPhoneSimulator.ActiveCfg = Debug|Any CPU
		{AE5F1987-7B2C-493B-8C83-54BF2C19B90A}.Debug|iPhoneSimulator.Build.0 = Debug|Any CPU
		{AE5F1987-7B2C-493B-8C83-54BF2C19B90A}.Debug|iPhoneSimulator.Deploy.0 = Debug|Any CPU
		{AE5F1987-7B2C-493B-8C83-54BF2C19B90A}.Release|Any CPU.ActiveCfg = Release|Any CPU
		{AE5F1987-7B2C-493B-8C83-54BF2C19B90A}.Release|Any CPU.Build.0 = Release|Any CPU
		{AE5F1987-7B2C-493B-8C83-54BF2C19B90A}.Release|Any CPU.Deploy.0 = Release|Any CPU
		{AE5F1987-7B2C-493B-8C83-54BF2C19B90A}.Release|iPhone.ActiveCfg = Release|Any CPU
		{AE5F1987-7B2C-493B-8C83-54BF2C19B90A}.Release|iPhone.Build.0 = Release|Any CPU
		{AE5F1987-7B2C-493B-8C83-54BF2C19B90A}.Release|iPhone.Deploy.0 = Release|Any CPU
		{AE5F1987-7B2C-493B-8C83-54BF2C19B90A}.Release|iPhoneSimulator.ActiveCfg = Release|Any CPU
		{AE5F1987-7B2C-493B-8C83-54BF2C19B90A}.Release|iPhoneSimulator.Build.0 = Release|Any CPU
		{AE5F1987-7B2C-493B-8C83-54BF2C19B90A}.Release|iPhoneSimulator.Deploy.0 = Release|Any CPU
		{EE3C3637-EEC7-46B7-95EC-63570B3019D7}.Ad-Hoc|Any CPU.ActiveCfg = Debug|Any CPU
		{EE3C3637-EEC7-46B7-95EC-63570B3019D7}.Ad-Hoc|Any CPU.Build.0 = Debug|Any CPU
		{EE3C3637-EEC7-46B7-95EC-63570B3019D7}.Ad-Hoc|iPhone.ActiveCfg = Debug|Any CPU
		{EE3C3637-EEC7-46B7-95EC-63570B3019D7}.Ad-Hoc|iPhone.Build.0 = Debug|Any CPU
		{EE3C3637-EEC7-46B7-95EC-63570B3019D7}.Ad-Hoc|iPhoneSimulator.ActiveCfg = Debug|Any CPU
		{EE3C3637-EEC7-46B7-95EC-63570B3019D7}.Ad-Hoc|iPhoneSimulator.Build.0 = Debug|Any CPU
		{EE3C3637-EEC7-46B7-95EC-63570B3019D7}.AppStore|Any CPU.ActiveCfg = Debug|Any CPU
		{EE3C3637-EEC7-46B7-95EC-63570B3019D7}.AppStore|Any CPU.Build.0 = Debug|Any CPU
		{EE3C3637-EEC7-46B7-95EC-63570B3019D7}.AppStore|iPhone.ActiveCfg = Debug|Any CPU
		{EE3C3637-EEC7-46B7-95EC-63570B3019D7}.AppStore|iPhone.Build.0 = Debug|Any CPU
		{EE3C3637-EEC7-46B7-95EC-63570B3019D7}.AppStore|iPhoneSimulator.ActiveCfg = Debug|Any CPU
		{EE3C3637-EEC7-46B7-95EC-63570B3019D7}.AppStore|iPhoneSimulator.Build.0 = Debug|Any CPU
		{EE3C3637-EEC7-46B7-95EC-63570B3019D7}.Debug|Any CPU.ActiveCfg = Debug|Any CPU
		{EE3C3637-EEC7-46B7-95EC-63570B3019D7}.Debug|Any CPU.Build.0 = Debug|Any CPU
		{EE3C3637-EEC7-46B7-95EC-63570B3019D7}.Debug|iPhone.ActiveCfg = Debug|Any CPU
		{EE3C3637-EEC7-46B7-95EC-63570B3019D7}.Debug|iPhone.Build.0 = Debug|Any CPU
		{EE3C3637-EEC7-46B7-95EC-63570B3019D7}.Debug|iPhoneSimulator.ActiveCfg = Debug|Any CPU
		{EE3C3637-EEC7-46B7-95EC-63570B3019D7}.Debug|iPhoneSimulator.Build.0 = Debug|Any CPU
		{EE3C3637-EEC7-46B7-95EC-63570B3019D7}.Release|Any CPU.ActiveCfg = Release|Any CPU
		{EE3C3637-EEC7-46B7-95EC-63570B3019D7}.Release|Any CPU.Build.0 = Release|Any CPU
		{EE3C3637-EEC7-46B7-95EC-63570B3019D7}.Release|iPhone.ActiveCfg = Release|Any CPU
		{EE3C3637-EEC7-46B7-95EC-63570B3019D7}.Release|iPhone.Build.0 = Release|Any CPU
		{EE3C3637-EEC7-46B7-95EC-63570B3019D7}.Release|iPhoneSimulator.ActiveCfg = Release|Any CPU
		{EE3C3637-EEC7-46B7-95EC-63570B3019D7}.Release|iPhoneSimulator.Build.0 = Release|Any CPU
		{9D58B842-91F2-4BBA-B03C-4F4299680752}.Ad-Hoc|Any CPU.ActiveCfg = Debug|Any CPU
		{9D58B842-91F2-4BBA-B03C-4F4299680752}.Ad-Hoc|Any CPU.Build.0 = Debug|Any CPU
		{9D58B842-91F2-4BBA-B03C-4F4299680752}.Ad-Hoc|iPhone.ActiveCfg = Debug|Any CPU
		{9D58B842-91F2-4BBA-B03C-4F4299680752}.Ad-Hoc|iPhone.Build.0 = Debug|Any CPU
		{9D58B842-91F2-4BBA-B03C-4F4299680752}.Ad-Hoc|iPhoneSimulator.ActiveCfg = Debug|Any CPU
		{9D58B842-91F2-4BBA-B03C-4F4299680752}.Ad-Hoc|iPhoneSimulator.Build.0 = Debug|Any CPU
		{9D58B842-91F2-4BBA-B03C-4F4299680752}.AppStore|Any CPU.ActiveCfg = Debug|Any CPU
		{9D58B842-91F2-4BBA-B03C-4F4299680752}.AppStore|Any CPU.Build.0 = Debug|Any CPU
		{9D58B842-91F2-4BBA-B03C-4F4299680752}.AppStore|iPhone.ActiveCfg = Debug|Any CPU
		{9D58B842-91F2-4BBA-B03C-4F4299680752}.AppStore|iPhone.Build.0 = Debug|Any CPU
		{9D58B842-91F2-4BBA-B03C-4F4299680752}.AppStore|iPhoneSimulator.ActiveCfg = Debug|Any CPU
		{9D58B842-91F2-4BBA-B03C-4F4299680752}.AppStore|iPhoneSimulator.Build.0 = Debug|Any CPU
		{9D58B842-91F2-4BBA-B03C-4F4299680752}.Debug|Any CPU.ActiveCfg = Debug|Any CPU
		{9D58B842-91F2-4BBA-B03C-4F4299680752}.Debug|Any CPU.Build.0 = Debug|Any CPU
		{9D58B842-91F2-4BBA-B03C-4F4299680752}.Debug|iPhone.ActiveCfg = Debug|Any CPU
		{9D58B842-91F2-4BBA-B03C-4F4299680752}.Debug|iPhone.Build.0 = Debug|Any CPU
		{9D58B842-91F2-4BBA-B03C-4F4299680752}.Debug|iPhoneSimulator.ActiveCfg = Debug|Any CPU
		{9D58B842-91F2-4BBA-B03C-4F4299680752}.Debug|iPhoneSimulator.Build.0 = Debug|Any CPU
		{9D58B842-91F2-4BBA-B03C-4F4299680752}.Release|Any CPU.ActiveCfg = Release|Any CPU
		{9D58B842-91F2-4BBA-B03C-4F4299680752}.Release|Any CPU.Build.0 = Release|Any CPU
		{9D58B842-91F2-4BBA-B03C-4F4299680752}.Release|iPhone.ActiveCfg = Release|Any CPU
		{9D58B842-91F2-4BBA-B03C-4F4299680752}.Release|iPhone.Build.0 = Release|Any CPU
		{9D58B842-91F2-4BBA-B03C-4F4299680752}.Release|iPhoneSimulator.ActiveCfg = Release|Any CPU
		{9D58B842-91F2-4BBA-B03C-4F4299680752}.Release|iPhoneSimulator.Build.0 = Release|Any CPU
	EndGlobalSection
	GlobalSection(SolutionProperties) = preSolution
		HideSolutionNode = FALSE
	EndGlobalSection
	GlobalSection(ExtensibilityGlobals) = postSolution
		SolutionGuid = {4CA3ED56-B547-40D3-A333-FA5491A30951}
	EndGlobalSection
EndGlobal
